
Microsoft Visual Studio Solution File, Format Version 12.00
# Visual Studio Version 17
VisualStudioVersion = 17.0.31903.59
MinimumVisualStudioVersion = 10.0.40219.1
Project("{2150E333-8FDC-42A3-9474-1A3956D46DE8}") = "src", "src", "{A4FFD2F3-074A-4873-AD10-9A252140CC0B}"
EndProject
Project("{FAE04EC0-301F-11D3-BF4B-00C04F79EFBC}") = "AuctionService", "src\AuctionService\AuctionService.csproj", "{E307F4AC-7A2C-4B4E-928F-124E1553F876}"
EndProject
Project("{FAE04EC0-301F-11D3-BF4B-00C04F79EFBC}") = "SearchService", "src\SearchService\SearchService.csproj", "{4422C9C8-DCF1-474B-B0DF-76E5BE64D3FF}"
EndProject
Project("{FAE04EC0-301F-11D3-BF4B-00C04F79EFBC}") = "Contracts", "src\Contracts\Contracts.csproj", "{13CC3BAC-75DF-4EA5-84E7-99D1FB5C80D9}"
EndProject
Project("{FAE04EC0-301F-11D3-BF4B-00C04F79EFBC}") = "GatewayService", "src\GatewayService\GatewayService.csproj", "{4F2485A3-DD99-46A2-A4F7-C68D3748C70D}"
EndProject
Project("{FAE04EC0-301F-11D3-BF4B-00C04F79EFBC}") = "IdentityService", "src\IdentityService\IdentityService.csproj", "{CBF5EAE4-0947-4059-9F23-D01D04EE9CD9}"
EndProject
Global
	GlobalSection(SolutionConfigurationPlatforms) = preSolution
		Debug|Any CPU = Debug|Any CPU
		Release|Any CPU = Release|Any CPU
	EndGlobalSection
	GlobalSection(SolutionProperties) = preSolution
		HideSolutionNode = FALSE
	EndGlobalSection
	GlobalSection(ProjectConfigurationPlatforms) = postSolution
		{E307F4AC-7A2C-4B4E-928F-124E1553F876}.Debug|Any CPU.ActiveCfg = Debug|Any CPU
		{E307F4AC-7A2C-4B4E-928F-124E1553F876}.Debug|Any CPU.Build.0 = Debug|Any CPU
		{E307F4AC-7A2C-4B4E-928F-124E1553F876}.Release|Any CPU.ActiveCfg = Release|Any CPU
		{E307F4AC-7A2C-4B4E-928F-124E1553F876}.Release|Any CPU.Build.0 = Release|Any CPU
		{4422C9C8-DCF1-474B-B0DF-76E5BE64D3FF}.Debug|Any CPU.ActiveCfg = Debug|Any CPU
		{4422C9C8-DCF1-474B-B0DF-76E5BE64D3FF}.Debug|Any CPU.Build.0 = Debug|Any CPU
		{4422C9C8-DCF1-474B-B0DF-76E5BE64D3FF}.Release|Any CPU.ActiveCfg = Release|Any CPU
		{4422C9C8-DCF1-474B-B0DF-76E5BE64D3FF}.Release|Any CPU.Build.0 = Release|Any CPU
		{13CC3BAC-75DF-4EA5-84E7-99D1FB5C80D9}.Debug|Any CPU.ActiveCfg = Debug|Any CPU
		{13CC3BAC-75DF-4EA5-84E7-99D1FB5C80D9}.Debug|Any CPU.Build.0 = Debug|Any CPU
		{13CC3BAC-75DF-4EA5-84E7-99D1FB5C80D9}.Release|Any CPU.ActiveCfg = Release|Any CPU
		{13CC3BAC-75DF-4EA5-84E7-99D1FB5C80D9}.Release|Any CPU.Build.0 = Release|Any CPU
		{4F2485A3-DD99-46A2-A4F7-C68D3748C70D}.Debug|Any CPU.ActiveCfg = Debug|Any CPU
		{4F2485A3-DD99-46A2-A4F7-C68D3748C70D}.Debug|Any CPU.Build.0 = Debug|Any CPU
		{4F2485A3-DD99-46A2-A4F7-C68D3748C70D}.Release|Any CPU.ActiveCfg = Release|Any CPU
		{4F2485A3-DD99-46A2-A4F7-C68D3748C70D}.Release|Any CPU.Build.0 = Release|Any CPU
		{CBF5EAE4-0947-4059-9F23-D01D04EE9CD9}.Debug|Any CPU.ActiveCfg = Debug|Any CPU
		{CBF5EAE4-0947-4059-9F23-D01D04EE9CD9}.Debug|Any CPU.Build.0 = Debug|Any CPU
		{CBF5EAE4-0947-4059-9F23-D01D04EE9CD9}.Release|Any CPU.ActiveCfg = Release|Any CPU
		{CBF5EAE4-0947-4059-9F23-D01D04EE9CD9}.Release|Any CPU.Build.0 = Release|Any CPU
	EndGlobalSection
	GlobalSection(NestedProjects) = preSolution
		{E307F4AC-7A2C-4B4E-928F-124E1553F876} = {A4FFD2F3-074A-4873-AD10-9A252140CC0B}
		{4422C9C8-DCF1-474B-B0DF-76E5BE64D3FF} = {A4FFD2F3-074A-4873-AD10-9A252140CC0B}
		{13CC3BAC-75DF-4EA5-84E7-99D1FB5C80D9} = {A4FFD2F3-074A-4873-AD10-9A252140CC0B}
		{4F2485A3-DD99-46A2-A4F7-C68D3748C70D} = {A4FFD2F3-074A-4873-AD10-9A252140CC0B}
		{CBF5EAE4-0947-4059-9F23-D01D04EE9CD9} = {A4FFD2F3-074A-4873-AD10-9A252140CC0B}
	EndGlobalSection
EndGlobal
